// !$*UTF8*$!
{
	archiveVersion = 1;
	classes = {
	};
	objectVersion = 50;
	objects = {

/* Begin PBXBuildFile section */
		771FB160271F77C100A1B82D /* CurrencyCell.swift in Sources */ = {isa = PBXBuildFile; fileRef = 771FB15F271F77C100A1B82D /* CurrencyCell.swift */; };
		771FB164271F786B00A1B82D /* CurrencyTableView.swift in Sources */ = {isa = PBXBuildFile; fileRef = 771FB163271F786B00A1B82D /* CurrencyTableView.swift */; };
		771FB167271F7AB500A1B82D /* CurrencyDetailView.swift in Sources */ = {isa = PBXBuildFile; fileRef = 771FB166271F7AB500A1B82D /* CurrencyDetailView.swift */; };
		7741769D271E294D00CCEB5A /* crypton.mov in Resources */ = {isa = PBXBuildFile; fileRef = 7741769C271E294D00CCEB5A /* crypton.mov */; };
		774176A0271E6C4200CCEB5A /* ButtonAnimation.swift in Sources */ = {isa = PBXBuildFile; fileRef = 7741769F271E6C4200CCEB5A /* ButtonAnimation.swift */; };
		774176A6271E722900CCEB5A /* DashBoardVC.swift in Sources */ = {isa = PBXBuildFile; fileRef = 774176A5271E722900CCEB5A /* DashBoardVC.swift */; };
		774176AD271E89E700CCEB5A /* CryptonTabBarViewController.swift in Sources */ = {isa = PBXBuildFile; fileRef = 774176AC271E89E700CCEB5A /* CryptonTabBarViewController.swift */; };
		774176B0271E8AB800CCEB5A /* FavoritesVC.swift in Sources */ = {isa = PBXBuildFile; fileRef = 774176AF271E8AB800CCEB5A /* FavoritesVC.swift */; };
		774176B3271E8AF800CCEB5A /* ATMsViewController.swift in Sources */ = {isa = PBXBuildFile; fileRef = 774176B2271E8AF800CCEB5A /* ATMsViewController.swift */; };
		77441FCE2720978300ECC784 /* CurrencyCellDelegate.swift in Sources */ = {isa = PBXBuildFile; fileRef = 77441FCD2720978300ECC784 /* CurrencyCellDelegate.swift */; };
		77584F7A271FBCC50055164D /* Networking.swift in Sources */ = {isa = PBXBuildFile; fileRef = 77584F79271FBCC50055164D /* Networking.swift */; };
		77584F80271FC8460055164D /* Currency.swift in Sources */ = {isa = PBXBuildFile; fileRef = 77584F7F271FC8460055164D /* Currency.swift */; };
		7763B29D2718BE6B007229E1 /* AppDelegate.swift in Sources */ = {isa = PBXBuildFile; fileRef = 7763B29C2718BE6B007229E1 /* AppDelegate.swift */; };
		7763B29F2718BE6B007229E1 /* SceneDelegate.swift in Sources */ = {isa = PBXBuildFile; fileRef = 7763B29E2718BE6B007229E1 /* SceneDelegate.swift */; };
		7763B2A12718BE6B007229E1 /* OnboardingViewController.swift in Sources */ = {isa = PBXBuildFile; fileRef = 7763B2A02718BE6B007229E1 /* OnboardingViewController.swift */; };
		7763B2A42718BE6B007229E1 /* Main.storyboard in Resources */ = {isa = PBXBuildFile; fileRef = 7763B2A22718BE6B007229E1 /* Main.storyboard */; };
		7763B2A62718BE73007229E1 /* Assets.xcassets in Resources */ = {isa = PBXBuildFile; fileRef = 7763B2A52718BE73007229E1 /* Assets.xcassets */; };
		7763B2A92718BE73007229E1 /* LaunchScreen.storyboard in Resources */ = {isa = PBXBuildFile; fileRef = 7763B2A72718BE73007229E1 /* LaunchScreen.storyboard */; };
		7766DB8A27EEDB8800FB51D5 /* cryptonmap.png in Resources */ = {isa = PBXBuildFile; fileRef = 7766DB8927EEDB8800FB51D5 /* cryptonmap.png */; };
		7768D1942737A2DE003CDB26 /* URLs.swift in Sources */ = {isa = PBXBuildFile; fileRef = 7768D1932737A2DE003CDB26 /* URLs.swift */; };
		776EEF742730EAB70096FC19 /* FavoriteCurrencyDataBase.xcdatamodeld in Sources */ = {isa = PBXBuildFile; fileRef = 776EEF722730EAB70096FC19 /* FavoriteCurrencyDataBase.xcdatamodeld */; };
		776F92B627EFC11100227104 /* Venue.swift in Sources */ = {isa = PBXBuildFile; fileRef = 776F92B527EFC11100227104 /* Venue.swift */; };
		77789C8427348718001BB05D /* LocationDelegate.swift in Sources */ = {isa = PBXBuildFile; fileRef = 77789C8327348718001BB05D /* LocationDelegate.swift */; };
		77789C862734D791001BB05D /* ATMNearBy.swift in Sources */ = {isa = PBXBuildFile; fileRef = 77789C852734D791001BB05D /* ATMNearBy.swift */; };
		77A23E712751ECCC0054304D /* CityNameDelegates.swift in Sources */ = {isa = PBXBuildFile; fileRef = 77A23E702751ECCC0054304D /* CityNameDelegates.swift */; };
		77A23E732751F48C0054304D /* ATMDetailVC.swift in Sources */ = {isa = PBXBuildFile; fileRef = 77A23E722751F48C0054304D /* ATMDetailVC.swift */; };
		77D58C9927E67CD8007B4F38 /* CryptonLabelAnimation.swift in Sources */ = {isa = PBXBuildFile; fileRef = 77D58C9827E67CD8007B4F38 /* CryptonLabelAnimation.swift */; };
		77E2172E2730F72C00762C8E /* Cryptoo+CoreDataClass.swift in Sources */ = {isa = PBXBuildFile; fileRef = 776EEF792730F1130096FC19 /* Cryptoo+CoreDataClass.swift */; };
		77E217302731101B00762C8E /* FavoriteCell.swift in Sources */ = {isa = PBXBuildFile; fileRef = 77E2172F2731101B00762C8E /* FavoriteCell.swift */; };
/* End PBXBuildFile section */

/* Begin PBXFileReference section */
		771FB15F271F77C100A1B82D /* CurrencyCell.swift */ = {isa = PBXFileReference; lastKnownFileType = sourcecode.swift; path = CurrencyCell.swift; sourceTree = "<group>"; };
		771FB163271F786B00A1B82D /* CurrencyTableView.swift */ = {isa = PBXFileReference; lastKnownFileType = sourcecode.swift; path = CurrencyTableView.swift; sourceTree = "<group>"; };
		771FB166271F7AB500A1B82D /* CurrencyDetailView.swift */ = {isa = PBXFileReference; lastKnownFileType = sourcecode.swift; path = CurrencyDetailView.swift; sourceTree = "<group>"; };
		7741769C271E294D00CCEB5A /* crypton.mov */ = {isa = PBXFileReference; lastKnownFileType = video.quicktime; path = crypton.mov; sourceTree = "<group>"; };
		7741769F271E6C4200CCEB5A /* ButtonAnimation.swift */ = {isa = PBXFileReference; lastKnownFileType = sourcecode.swift; path = ButtonAnimation.swift; sourceTree = "<group>"; };
		774176A5271E722900CCEB5A /* DashBoardVC.swift */ = {isa = PBXFileReference; lastKnownFileType = sourcecode.swift; path = DashBoardVC.swift; sourceTree = "<group>"; };
		774176AC271E89E700CCEB5A /* CryptonTabBarViewController.swift */ = {isa = PBXFileReference; lastKnownFileType = sourcecode.swift; path = CryptonTabBarViewController.swift; sourceTree = "<group>"; };
		774176AF271E8AB800CCEB5A /* FavoritesVC.swift */ = {isa = PBXFileReference; lastKnownFileType = sourcecode.swift; path = FavoritesVC.swift; sourceTree = "<group>"; };
		774176B2271E8AF800CCEB5A /* ATMsViewController.swift */ = {isa = PBXFileReference; lastKnownFileType = sourcecode.swift; path = ATMsViewController.swift; sourceTree = "<group>"; };
		77441FCD2720978300ECC784 /* CurrencyCellDelegate.swift */ = {isa = PBXFileReference; lastKnownFileType = sourcecode.swift; path = CurrencyCellDelegate.swift; sourceTree = "<group>"; };
		77584F79271FBCC50055164D /* Networking.swift */ = {isa = PBXFileReference; lastKnownFileType = sourcecode.swift; path = Networking.swift; sourceTree = "<group>"; };
		77584F7F271FC8460055164D /* Currency.swift */ = {isa = PBXFileReference; lastKnownFileType = sourcecode.swift; path = Currency.swift; sourceTree = "<group>"; };
		7763B2992718BE6B007229E1 /* Swifting.app */ = {isa = PBXFileReference; explicitFileType = wrapper.application; includeInIndex = 0; path = Swifting.app; sourceTree = BUILT_PRODUCTS_DIR; };
		7763B29C2718BE6B007229E1 /* AppDelegate.swift */ = {isa = PBXFileReference; lastKnownFileType = sourcecode.swift; path = AppDelegate.swift; sourceTree = "<group>"; };
		7763B29E2718BE6B007229E1 /* SceneDelegate.swift */ = {isa = PBXFileReference; lastKnownFileType = sourcecode.swift; path = SceneDelegate.swift; sourceTree = "<group>"; };
		7763B2A02718BE6B007229E1 /* OnboardingViewController.swift */ = {isa = PBXFileReference; lastKnownFileType = sourcecode.swift; path = OnboardingViewController.swift; sourceTree = "<group>"; };
		7763B2A32718BE6B007229E1 /* Base */ = {isa = PBXFileReference; lastKnownFileType = file.storyboard; name = Base; path = Base.lproj/Main.storyboard; sourceTree = "<group>"; };
		7763B2A52718BE73007229E1 /* Assets.xcassets */ = {isa = PBXFileReference; lastKnownFileType = folder.assetcatalog; path = Assets.xcassets; sourceTree = "<group>"; };
		7763B2A82718BE73007229E1 /* Base */ = {isa = PBXFileReference; lastKnownFileType = file.storyboard; name = Base; path = Base.lproj/LaunchScreen.storyboard; sourceTree = "<group>"; };
		7763B2AA2718BE73007229E1 /* Info.plist */ = {isa = PBXFileReference; lastKnownFileType = text.plist.xml; path = Info.plist; sourceTree = "<group>"; };
		7766DB8927EEDB8800FB51D5 /* cryptonmap.png */ = {isa = PBXFileReference; lastKnownFileType = image.png; name = cryptonmap.png; path = ../../../../../../../Desktop/cryptonmap.png; sourceTree = "<group>"; };
		7768D1932737A2DE003CDB26 /* URLs.swift */ = {isa = PBXFileReference; lastKnownFileType = sourcecode.swift; path = URLs.swift; sourceTree = "<group>"; };
		776EEF732730EAB70096FC19 /* FavoriteCurrencyDataBase.xcdatamodel */ = {isa = PBXFileReference; lastKnownFileType = wrapper.xcdatamodel; path = FavoriteCurrencyDataBase.xcdatamodel; sourceTree = "<group>"; };
		776EEF792730F1130096FC19 /* Cryptoo+CoreDataClass.swift */ = {isa = PBXFileReference; lastKnownFileType = sourcecode.swift; path = "Cryptoo+CoreDataClass.swift"; sourceTree = "<group>"; };
		776F92B527EFC11100227104 /* Venue.swift */ = {isa = PBXFileReference; lastKnownFileType = sourcecode.swift; path = Venue.swift; sourceTree = "<group>"; };
		77789C8327348718001BB05D /* LocationDelegate.swift */ = {isa = PBXFileReference; lastKnownFileType = sourcecode.swift; path = LocationDelegate.swift; sourceTree = "<group>"; };
		77789C852734D791001BB05D /* ATMNearBy.swift */ = {isa = PBXFileReference; lastKnownFileType = sourcecode.swift; path = ATMNearBy.swift; sourceTree = "<group>"; };
		77A23E702751ECCC0054304D /* CityNameDelegates.swift */ = {isa = PBXFileReference; lastKnownFileType = sourcecode.swift; path = CityNameDelegates.swift; sourceTree = "<group>"; };
		77A23E722751F48C0054304D /* ATMDetailVC.swift */ = {isa = PBXFileReference; lastKnownFileType = sourcecode.swift; path = ATMDetailVC.swift; sourceTree = "<group>"; };
		77D58C9827E67CD8007B4F38 /* CryptonLabelAnimation.swift */ = {isa = PBXFileReference; lastKnownFileType = sourcecode.swift; path = CryptonLabelAnimation.swift; sourceTree = "<group>"; };
		77E2172F2731101B00762C8E /* FavoriteCell.swift */ = {isa = PBXFileReference; lastKnownFileType = sourcecode.swift; path = FavoriteCell.swift; sourceTree = "<group>"; };
/* End PBXFileReference section */

/* Begin PBXFrameworksBuildPhase section */
		7763B2962718BE6B007229E1 /* Frameworks */ = {
			isa = PBXFrameworksBuildPhase;
			buildActionMask = 2147483647;
			files = (
			);
			runOnlyForDeploymentPostprocessing = 0;
		};
/* End PBXFrameworksBuildPhase section */

/* Begin PBXGroup section */
		771FB15E271F779A00A1B82D /* CustomViews */ = {
			isa = PBXGroup;
			children = (
				771FB15F271F77C100A1B82D /* CurrencyCell.swift */,
				77E2172F2731101B00762C8E /* FavoriteCell.swift */,
			);
			name = CustomViews;
			sourceTree = "<group>";
		};
		774176A2271E71CE00CCEB5A /* Controllers */ = {
			isa = PBXGroup;
			children = (
				7763B2A02718BE6B007229E1 /* OnboardingViewController.swift */,
				774176AC271E89E700CCEB5A /* CryptonTabBarViewController.swift */,
				774176A5271E722900CCEB5A /* DashBoardVC.swift */,
				771FB166271F7AB500A1B82D /* CurrencyDetailView.swift */,
				774176AF271E8AB800CCEB5A /* FavoritesVC.swift */,
				774176B2271E8AF800CCEB5A /* ATMsViewController.swift */,
				77A23E722751F48C0054304D /* ATMDetailVC.swift */,
			);
			path = Controllers;
			sourceTree = "<group>";
		};
		774176A3271E71DC00CCEB5A /* Extensions */ = {
			isa = PBXGroup;
			children = (
				7741769F271E6C4200CCEB5A /* ButtonAnimation.swift */,
				77D58C9827E67CD8007B4F38 /* CryptonLabelAnimation.swift */,
				771FB163271F786B00A1B82D /* CurrencyTableView.swift */,
				77789C8327348718001BB05D /* LocationDelegate.swift */,
				77A23E702751ECCC0054304D /* CityNameDelegates.swift */,
			);
			path = Extensions;
			sourceTree = "<group>";
		};
		774176A4271E71E900CCEB5A /* Views */ = {
			isa = PBXGroup;
			children = (
				771FB15E271F779A00A1B82D /* CustomViews */,
				7763B2A22718BE6B007229E1 /* Main.storyboard */,
			);
			path = Views;
			sourceTree = "<group>";
		};
		77441FCC2720973800ECC784 /* Protocols */ = {
			isa = PBXGroup;
			children = (
				77441FCD2720978300ECC784 /* CurrencyCellDelegate.swift */,
			);
			path = Protocols;
			sourceTree = "<group>";
		};
		77584F78271FBCAA0055164D /* Networking */ = {
			isa = PBXGroup;
			children = (
				77584F79271FBCC50055164D /* Networking.swift */,
				7768D1932737A2DE003CDB26 /* URLs.swift */,
			);
			name = Networking;
			path = Views;
			sourceTree = "<group>";
		};
		77584F7E271FC7E40055164D /* Models */ = {
			isa = PBXGroup;
			children = (
				77584F7F271FC8460055164D /* Currency.swift */,
				77789C852734D791001BB05D /* ATMNearBy.swift */,
				776F92B527EFC11100227104 /* Venue.swift */,
			);
			path = Models;
			sourceTree = "<group>";
		};
		7763B2902718BE6B007229E1 = {
			isa = PBXGroup;
			children = (
				776EEF792730F1130096FC19 /* Cryptoo+CoreDataClass.swift */,
				7763B29B2718BE6B007229E1 /* Swifting */,
				7763B29A2718BE6B007229E1 /* Products */,
			);
			sourceTree = "<group>";
		};
		7763B29A2718BE6B007229E1 /* Products */ = {
			isa = PBXGroup;
			children = (
				7763B2992718BE6B007229E1 /* Swifting.app */,
			);
			name = Products;
			sourceTree = "<group>";
		};
		7763B29B2718BE6B007229E1 /* Swifting */ = {
			isa = PBXGroup;
			children = (
				7763B29C2718BE6B007229E1 /* AppDelegate.swift */,
				7763B29E2718BE6B007229E1 /* SceneDelegate.swift */,
				77584F7E271FC7E40055164D /* Models */,
				774176A4271E71E900CCEB5A /* Views */,
				774176A2271E71CE00CCEB5A /* Controllers */,
				77584F78271FBCAA0055164D /* Networking */,
				77441FCC2720973800ECC784 /* Protocols */,
				774176A3271E71DC00CCEB5A /* Extensions */,
				776EEF722730EAB70096FC19 /* FavoriteCurrencyDataBase.xcdatamodeld */,
				7763B2A52718BE73007229E1 /* Assets.xcassets */,
				7766DB8927EEDB8800FB51D5 /* cryptonmap.png */,
				7741769C271E294D00CCEB5A /* crypton.mov */,
				7763B2A72718BE73007229E1 /* LaunchScreen.storyboard */,
				7763B2AA2718BE73007229E1 /* Info.plist */,
			);
			path = Swifting;
			sourceTree = "<group>";
		};
/* End PBXGroup section */

/* Begin PBXNativeTarget section */
		7763B2982718BE6B007229E1 /* Swifting */ = {
			isa = PBXNativeTarget;
			buildConfigurationList = 7763B2AD2718BE73007229E1 /* Build configuration list for PBXNativeTarget "Swifting" */;
			buildPhases = (
				7763B2952718BE6B007229E1 /* Sources */,
				7763B2962718BE6B007229E1 /* Frameworks */,
				7763B2972718BE6B007229E1 /* Resources */,
			);
			buildRules = (
			);
			dependencies = (
			);
			name = Swifting;
			productName = Swifting;
			productReference = 7763B2992718BE6B007229E1 /* Swifting.app */;
			productType = "com.apple.product-type.application";
		};
/* End PBXNativeTarget section */

/* Begin PBXProject section */
		7763B2912718BE6B007229E1 /* Project object */ = {
			isa = PBXProject;
			attributes = {
				LastSwiftUpdateCheck = 1240;
				LastUpgradeCheck = 1240;
				TargetAttributes = {
					7763B2982718BE6B007229E1 = {
						CreatedOnToolsVersion = 12.4;
					};
				};
			};
			buildConfigurationList = 7763B2942718BE6B007229E1 /* Build configuration list for PBXProject "Swifting" */;
			compatibilityVersion = "Xcode 9.3";
			developmentRegion = en;
			hasScannedForEncodings = 0;
			knownRegions = (
				en,
				Base,
			);
			mainGroup = 7763B2902718BE6B007229E1;
			productRefGroup = 7763B29A2718BE6B007229E1 /* Products */;
			projectDirPath = "";
			projectRoot = "";
			targets = (
				7763B2982718BE6B007229E1 /* Swifting */,
			);
		};
/* End PBXProject section */

/* Begin PBXResourcesBuildPhase section */
		7763B2972718BE6B007229E1 /* Resources */ = {
			isa = PBXResourcesBuildPhase;
			buildActionMask = 2147483647;
			files = (
				7741769D271E294D00CCEB5A /* crypton.mov in Resources */,
				7763B2A92718BE73007229E1 /* LaunchScreen.storyboard in Resources */,
				7763B2A62718BE73007229E1 /* Assets.xcassets in Resources */,
				7763B2A42718BE6B007229E1 /* Main.storyboard in Resources */,
				7766DB8A27EEDB8800FB51D5 /* cryptonmap.png in Resources */,
			);
			runOnlyForDeploymentPostprocessing = 0;
		};
/* End PBXResourcesBuildPhase section */

/* Begin PBXSourcesBuildPhase section */
		7763B2952718BE6B007229E1 /* Sources */ = {
			isa = PBXSourcesBuildPhase;
			buildActionMask = 2147483647;
			files = (
				774176A0271E6C4200CCEB5A /* ButtonAnimation.swift in Sources */,
				776F92B627EFC11100227104 /* Venue.swift in Sources */,
				7763B2A12718BE6B007229E1 /* OnboardingViewController.swift in Sources */,
				77789C862734D791001BB05D /* ATMNearBy.swift in Sources */,
				774176AD271E89E700CCEB5A /* CryptonTabBarViewController.swift in Sources */,
				77584F7A271FBCC50055164D /* Networking.swift in Sources */,
				774176A6271E722900CCEB5A /* DashBoardVC.swift in Sources */,
				771FB164271F786B00A1B82D /* CurrencyTableView.swift in Sources */,
				774176B0271E8AB800CCEB5A /* FavoritesVC.swift in Sources */,
				77E2172E2730F72C00762C8E /* Cryptoo+CoreDataClass.swift in Sources */,
				77441FCE2720978300ECC784 /* CurrencyCellDelegate.swift in Sources */,
				7763B29D2718BE6B007229E1 /* AppDelegate.swift in Sources */,
				77584F80271FC8460055164D /* Currency.swift in Sources */,
				77D58C9927E67CD8007B4F38 /* CryptonLabelAnimation.swift in Sources */,
				771FB160271F77C100A1B82D /* CurrencyCell.swift in Sources */,
				7763B29F2718BE6B007229E1 /* SceneDelegate.swift in Sources */,
				77789C8427348718001BB05D /* LocationDelegate.swift in Sources */,
				7768D1942737A2DE003CDB26 /* URLs.swift in Sources */,
				771FB167271F7AB500A1B82D /* CurrencyDetailView.swift in Sources */,
				776EEF742730EAB70096FC19 /* FavoriteCurrencyDataBase.xcdatamodeld in Sources */,
				77A23E732751F48C0054304D /* ATMDetailVC.swift in Sources */,
				774176B3271E8AF800CCEB5A /* ATMsViewController.swift in Sources */,
				77E217302731101B00762C8E /* FavoriteCell.swift in Sources */,
				77A23E712751ECCC0054304D /* CityNameDelegates.swift in Sources */,
			);
			runOnlyForDeploymentPostprocessing = 0;
		};
/* End PBXSourcesBuildPhase section */

/* Begin PBXVariantGroup section */
		7763B2A22718BE6B007229E1 /* Main.storyboard */ = {
			isa = PBXVariantGroup;
			children = (
				7763B2A32718BE6B007229E1 /* Base */,
			);
			name = Main.storyboard;
			sourceTree = "<group>";
		};
		7763B2A72718BE73007229E1 /* LaunchScreen.storyboard */ = {
			isa = PBXVariantGroup;
			children = (
				7763B2A82718BE73007229E1 /* Base */,
			);
			name = LaunchScreen.storyboard;
			sourceTree = "<group>";
		};
/* End PBXVariantGroup section */

/* Begin XCBuildConfiguration section */
		7763B2AB2718BE73007229E1 /* Debug */ = {
			isa = XCBuildConfiguration;
			buildSettings = {
				ALWAYS_SEARCH_USER_PATHS = NO;
				CLANG_ANALYZER_NONNULL = YES;
				CLANG_ANALYZER_NUMBER_OBJECT_CONVERSION = YES_AGGRESSIVE;
				CLANG_CXX_LANGUAGE_STANDARD = "gnu++14";
				CLANG_CXX_LIBRARY = "libc++";
				CLANG_ENABLE_MODULES = YES;
				CLANG_ENABLE_OBJC_ARC = YES;
				CLANG_ENABLE_OBJC_WEAK = YES;
				CLANG_WARN_BLOCK_CAPTURE_AUTORELEASING = YES;
				CLANG_WARN_BOOL_CONVERSION = YES;
				CLANG_WARN_COMMA = YES;
				CLANG_WARN_CONSTANT_CONVERSION = YES;
				CLANG_WARN_DEPRECATED_OBJC_IMPLEMENTATIONS = YES;
				CLANG_WARN_DIRECT_OBJC_ISA_USAGE = YES_ERROR;
				CLANG_WARN_DOCUMENTATION_COMMENTS = YES;
				CLANG_WARN_EMPTY_BODY = YES;
				CLANG_WARN_ENUM_CONVERSION = YES;
				CLANG_WARN_INFINITE_RECURSION = YES;
				CLANG_WARN_INT_CONVERSION = YES;
				CLANG_WARN_NON_LITERAL_NULL_CONVERSION = YES;
				CLANG_WARN_OBJC_IMPLICIT_RETAIN_SELF = YES;
				CLANG_WARN_OBJC_LITERAL_CONVERSION = YES;
				CLANG_WARN_OBJC_ROOT_CLASS = YES_ERROR;
				CLANG_WARN_QUOTED_INCLUDE_IN_FRAMEWORK_HEADER = YES;
				CLANG_WARN_RANGE_LOOP_ANALYSIS = YES;
				CLANG_WARN_STRICT_PROTOTYPES = YES;
				CLANG_WARN_SUSPICIOUS_MOVE = YES;
				CLANG_WARN_UNGUARDED_AVAILABILITY = YES_AGGRESSIVE;
				CLANG_WARN_UNREACHABLE_CODE = YES;
				CLANG_WARN__DUPLICATE_METHOD_MATCH = YES;
				COPY_PHASE_STRIP = NO;
				DEBUG_INFORMATION_FORMAT = dwarf;
				ENABLE_STRICT_OBJC_MSGSEND = YES;
				ENABLE_TESTABILITY = YES;
				GCC_C_LANGUAGE_STANDARD = gnu11;
				GCC_DYNAMIC_NO_PIC = NO;
				GCC_NO_COMMON_BLOCKS = YES;
				GCC_OPTIMIZATION_LEVEL = 0;
				GCC_PREPROCESSOR_DEFINITIONS = (
					"DEBUG=1",
					"$(inherited)",
				);
				GCC_WARN_64_TO_32_BIT_CONVERSION = YES;
				GCC_WARN_ABOUT_RETURN_TYPE = YES_ERROR;
				GCC_WARN_UNDECLARED_SELECTOR = YES;
				GCC_WARN_UNINITIALIZED_AUTOS = YES_AGGRESSIVE;
				GCC_WARN_UNUSED_FUNCTION = YES;
				GCC_WARN_UNUSED_VARIABLE = YES;
				IPHONEOS_DEPLOYMENT_TARGET = 14.4;
				MTL_ENABLE_DEBUG_INFO = INCLUDE_SOURCE;
				MTL_FAST_MATH = YES;
				ONLY_ACTIVE_ARCH = YES;
				SDKROOT = iphoneos;
				SWIFT_ACTIVE_COMPILATION_CONDITIONS = DEBUG;
				SWIFT_OPTIMIZATION_LEVEL = "-Onone";
			};
			name = Debug;
		};
		7763B2AC2718BE73007229E1 /* Release */ = {
			isa = XCBuildConfiguration;
			buildSettings = {
				ALWAYS_SEARCH_USER_PATHS = NO;
				CLANG_ANALYZER_NONNULL = YES;
				CLANG_ANALYZER_NUMBER_OBJECT_CONVERSION = YES_AGGRESSIVE;
				CLANG_CXX_LANGUAGE_STANDARD = "gnu++14";
				CLANG_CXX_LIBRARY = "libc++";
				CLANG_ENABLE_MODULES = YES;
				CLANG_ENABLE_OBJC_ARC = YES;
				CLANG_ENABLE_OBJC_WEAK = YES;
				CLANG_WARN_BLOCK_CAPTURE_AUTORELEASING = YES;
				CLANG_WARN_BOOL_CONVERSION = YES;
				CLANG_WARN_COMMA = YES;
				CLANG_WARN_CONSTANT_CONVERSION = YES;
				CLANG_WARN_DEPRECATED_OBJC_IMPLEMENTATIONS = YES;
				CLANG_WARN_DIRECT_OBJC_ISA_USAGE = YES_ERROR;
				CLANG_WARN_DOCUMENTATION_COMMENTS = YES;
				CLANG_WARN_EMPTY_BODY = YES;
				CLANG_WARN_ENUM_CONVERSION = YES;
				CLANG_WARN_INFINITE_RECURSION = YES;
				CLANG_WARN_INT_CONVERSION = YES;
				CLANG_WARN_NON_LITERAL_NULL_CONVERSION = YES;
				CLANG_WARN_OBJC_IMPLICIT_RETAIN_SELF = YES;
				CLANG_WARN_OBJC_LITERAL_CONVERSION = YES;
				CLANG_WARN_OBJC_ROOT_CLASS = YES_ERROR;
				CLANG_WARN_QUOTED_INCLUDE_IN_FRAMEWORK_HEADER = YES;
				CLANG_WARN_RANGE_LOOP_ANALYSIS = YES;
				CLANG_WARN_STRICT_PROTOTYPES = YES;
				CLANG_WARN_SUSPICIOUS_MOVE = YES;
				CLANG_WARN_UNGUARDED_AVAILABILITY = YES_AGGRESSIVE;
				CLANG_WARN_UNREACHABLE_CODE = YES;
				CLANG_WARN__DUPLICATE_METHOD_MATCH = YES;
				COPY_PHASE_STRIP = NO;
				DEBUG_INFORMATION_FORMAT = "dwarf-with-dsym";
				ENABLE_NS_ASSERTIONS = NO;
				ENABLE_STRICT_OBJC_MSGSEND = YES;
				GCC_C_LANGUAGE_STANDARD = gnu11;
				GCC_NO_COMMON_BLOCKS = YES;
				GCC_WARN_64_TO_32_BIT_CONVERSION = YES;
				GCC_WARN_ABOUT_RETURN_TYPE = YES_ERROR;
				GCC_WARN_UNDECLARED_SELECTOR = YES;
				GCC_WARN_UNINITIALIZED_AUTOS = YES_AGGRESSIVE;
				GCC_WARN_UNUSED_FUNCTION = YES;
				GCC_WARN_UNUSED_VARIABLE = YES;
				IPHONEOS_DEPLOYMENT_TARGET = 14.4;
				MTL_ENABLE_DEBUG_INFO = NO;
				MTL_FAST_MATH = YES;
				SDKROOT = iphoneos;
				SWIFT_COMPILATION_MODE = wholemodule;
				SWIFT_OPTIMIZATION_LEVEL = "-O";
				VALIDATE_PRODUCT = YES;
			};
			name = Release;
		};
		7763B2AE2718BE73007229E1 /* Debug */ = {
			isa = XCBuildConfiguration;
			buildSettings = {
				ASSETCATALOG_COMPILER_APPICON_NAME = AppIcon;
				ASSETCATALOG_COMPILER_GLOBAL_ACCENT_COLOR_NAME = AccentColor;
				CODE_SIGN_STYLE = Automatic;
				DEVELOPMENT_TEAM = 6AY5G84ET7;
				INFOPLIST_FILE = Swifting/Info.plist;
				LD_RUNPATH_SEARCH_PATHS = (
					"$(inherited)",
					"@executable_path/Frameworks",
				);
				PRODUCT_BUNDLE_IDENTIFIER = com.modrame.herokuapp.Swifting;
				PRODUCT_NAME = "$(TARGET_NAME)";
				SWIFT_VERSION = 5.0;
				TARGETED_DEVICE_FAMILY = 1;
			};
			name = Debug;
		};
		7763B2AF2718BE73007229E1 /* Release */ = {
			isa = XCBuildConfiguration;
			buildSettings = {
				ASSETCATALOG_COMPILER_APPICON_NAME = AppIcon;
				ASSETCATALOG_COMPILER_GLOBAL_ACCENT_COLOR_NAME = AccentColor;
				CODE_SIGN_STYLE = Automatic;
				DEVELOPMENT_TEAM = 6AY5G84ET7;
				INFOPLIST_FILE = Swifting/Info.plist;
				LD_RUNPATH_SEARCH_PATHS = (
					"$(inherited)",
					"@executable_path/Frameworks",
				);
				PRODUCT_BUNDLE_IDENTIFIER = com.modrame.herokuapp.Swifting;
				PRODUCT_NAME = "$(TARGET_NAME)";
				SWIFT_VERSION = 5.0;
				TARGETED_DEVICE_FAMILY = 1;
			};
			name = Release;
		};
/* End XCBuildConfiguration section */

/* Begin XCConfigurationList section */
		7763B2942718BE6B007229E1 /* Build configuration list for PBXProject "Swifting" */ = {
			isa = XCConfigurationList;
			buildConfigurations = (
				7763B2AB2718BE73007229E1 /* Debug */,
				7763B2AC2718BE73007229E1 /* Release */,
			);
			defaultConfigurationIsVisible = 0;
			defaultConfigurationName = Release;
		};
		7763B2AD2718BE73007229E1 /* Build configuration list for PBXNativeTarget "Swifting" */ = {
			isa = XCConfigurationList;
			buildConfigurations = (
				7763B2AE2718BE73007229E1 /* Debug */,
				7763B2AF2718BE73007229E1 /* Release */,
			);
			defaultConfigurationIsVisible = 0;
			defaultConfigurationName = Release;
		};
/* End XCConfigurationList section */

/* Begin XCVersionGroup section */
		776EEF722730EAB70096FC19 /* FavoriteCurrencyDataBase.xcdatamodeld */ = {
			isa = XCVersionGroup;
			children = (
				776EEF732730EAB70096FC19 /* FavoriteCurrencyDataBase.xcdatamodel */,
			);
			currentVersion = 776EEF732730EAB70096FC19 /* FavoriteCurrencyDataBase.xcdatamodel */;
			path = FavoriteCurrencyDataBase.xcdatamodeld;
			sourceTree = "<group>";
			versionGroupType = wrapper.xcdatamodel;
		};
/* End XCVersionGroup section */
	};
	rootObject = 7763B2912718BE6B007229E1 /* Project object */;
}
